// !$*UTF8*$!
{
	archiveVersion = 1;
	classes = {
	};
	objectVersion = 50;
	objects = {

/* Begin PBXBuildFile section */
		172AAC652214325F006E43F9 /* AppDelegate.swift in Sources */ = {isa = PBXBuildFile; fileRef = 172AAC642214325F006E43F9 /* AppDelegate.swift */; };
		172AAC672214325F006E43F9 /* ViewController.swift in Sources */ = {isa = PBXBuildFile; fileRef = 172AAC662214325F006E43F9 /* ViewController.swift */; };
		172AAC6A2214325F006E43F9 /* Main.storyboard in Resources */ = {isa = PBXBuildFile; fileRef = 172AAC682214325F006E43F9 /* Main.storyboard */; };
		172AAC6C22143262006E43F9 /* Assets.xcassets in Resources */ = {isa = PBXBuildFile; fileRef = 172AAC6B22143262006E43F9 /* Assets.xcassets */; };
		172AAC6F22143262006E43F9 /* LaunchScreen.storyboard in Resources */ = {isa = PBXBuildFile; fileRef = 172AAC6D22143262006E43F9 /* LaunchScreen.storyboard */; };
		172AAC78221438C6006E43F9 /* NyTimesTableCell.swift in Sources */ = {isa = PBXBuildFile; fileRef = 172AAC76221438C6006E43F9 /* NyTimesTableCell.swift */; };
		172AAC79221438C6006E43F9 /* NyTimesTableCell.xib in Resources */ = {isa = PBXBuildFile; fileRef = 172AAC77221438C6006E43F9 /* NyTimesTableCell.xib */; };
		172AAC7B22143AC9006E43F9 /* NyTimesDataModel.swift in Sources */ = {isa = PBXBuildFile; fileRef = 172AAC7A22143AC9006E43F9 /* NyTimesDataModel.swift */; };
/* End PBXBuildFile section */

/* Begin PBXFileReference section */
		172AAC612214325F006E43F9 /* NYTimesSwift.app */ = {isa = PBXFileReference; explicitFileType = wrapper.application; includeInIndex = 0; path = NYTimesSwift.app; sourceTree = BUILT_PRODUCTS_DIR; };
		172AAC642214325F006E43F9 /* AppDelegate.swift */ = {isa = PBXFileReference; lastKnownFileType = sourcecode.swift; path = AppDelegate.swift; sourceTree = "<group>"; };
		172AAC662214325F006E43F9 /* ViewController.swift */ = {isa = PBXFileReference; lastKnownFileType = sourcecode.swift; path = ViewController.swift; sourceTree = "<group>"; };
		172AAC692214325F006E43F9 /* Base */ = {isa = PBXFileReference; lastKnownFileType = file.storyboard; name = Base; path = Base.lproj/Main.storyboard; sourceTree = "<group>"; };
		172AAC6B22143262006E43F9 /* Assets.xcassets */ = {isa = PBXFileReference; lastKnownFileType = folder.assetcatalog; path = Assets.xcassets; sourceTree = "<group>"; };
		172AAC6E22143262006E43F9 /* Base */ = {isa = PBXFileReference; lastKnownFileType = file.storyboard; name = Base; path = Base.lproj/LaunchScreen.storyboard; sourceTree = "<group>"; };
		172AAC7022143262006E43F9 /* Info.plist */ = {isa = PBXFileReference; lastKnownFileType = text.plist.xml; path = Info.plist; sourceTree = "<group>"; };
		172AAC76221438C6006E43F9 /* NyTimesTableCell.swift */ = {isa = PBXFileReference; lastKnownFileType = sourcecode.swift; path = NyTimesTableCell.swift; sourceTree = "<group>"; };
		172AAC77221438C6006E43F9 /* NyTimesTableCell.xib */ = {isa = PBXFileReference; lastKnownFileType = file.xib; path = NyTimesTableCell.xib; sourceTree = "<group>"; };
		172AAC7A22143AC9006E43F9 /* NyTimesDataModel.swift */ = {isa = PBXFileReference; lastKnownFileType = sourcecode.swift; path = NyTimesDataModel.swift; sourceTree = "<group>"; };
/* End PBXFileReference section */

/* Begin PBXFrameworksBuildPhase section */
		172AAC5E2214325F006E43F9 /* Frameworks */ = {
			isa = PBXFrameworksBuildPhase;
			buildActionMask = 2147483647;
			files = (
			);
			runOnlyForDeploymentPostprocessing = 0;
		};
/* End PBXFrameworksBuildPhase section */

/* Begin PBXGroup section */
		172AAC582214325F006E43F9 = {
			isa = PBXGroup;
			children = (
				172AAC632214325F006E43F9 /* NYTimesSwift */,
				172AAC622214325F006E43F9 /* Products */,
			);
			sourceTree = "<group>";
		};
		172AAC622214325F006E43F9 /* Products */ = {
			isa = PBXGroup;
			children = (
				172AAC612214325F006E43F9 /* NYTimesSwift.app */,
			);
			name = Products;
			sourceTree = "<group>";
		};
		172AAC632214325F006E43F9 /* NYTimesSwift */ = {
			isa = PBXGroup;
			children = (
				172AAC642214325F006E43F9 /* AppDelegate.swift */,
				172AAC662214325F006E43F9 /* ViewController.swift */,
				172AAC682214325F006E43F9 /* Main.storyboard */,
				172AAC6B22143262006E43F9 /* Assets.xcassets */,
				172AAC6D22143262006E43F9 /* LaunchScreen.storyboard */,
				172AAC7022143262006E43F9 /* Info.plist */,
				172AAC76221438C6006E43F9 /* NyTimesTableCell.swift */,
				172AAC77221438C6006E43F9 /* NyTimesTableCell.xib */,
				172AAC7A22143AC9006E43F9 /* NyTimesDataModel.swift */,
			);
			path = NYTimesSwift;
			sourceTree = "<group>";
		};
/* End PBXGroup section */

/* Begin PBXNativeTarget section */
		172AAC602214325F006E43F9 /* NYTimesSwift */ = {
			isa = PBXNativeTarget;
			buildConfigurationList = 172AAC7322143262006E43F9 /* Build configuration list for PBXNativeTarget "NYTimesSwift" */;
			buildPhases = (
				172AAC5D2214325F006E43F9 /* Sources */,
				172AAC5E2214325F006E43F9 /* Frameworks */,
				172AAC5F2214325F006E43F9 /* Resources */,
			);
			buildRules = (
			);
			dependencies = (
			);
			name = NYTimesSwift;
			productName = NYTimesSwift;
			productReference = 172AAC612214325F006E43F9 /* NYTimesSwift.app */;
			productType = "com.apple.product-type.application";
		};
/* End PBXNativeTarget section */

/* Begin PBXProject section */
		172AAC592214325F006E43F9 /* Project object */ = {
			isa = PBXProject;
			attributes = {
				LastSwiftUpdateCheck = 1010;
				LastUpgradeCheck = 1010;
				ORGANIZATIONNAME = DK;
				TargetAttributes = {
					172AAC602214325F006E43F9 = {
						CreatedOnToolsVersion = 10.1;
					};
				};
			};
			buildConfigurationList = 172AAC5C2214325F006E43F9 /* Build configuration list for PBXProject "NYTimesSwift" */;
			compatibilityVersion = "Xcode 9.3";
			developmentRegion = en;
			hasScannedForEncodings = 0;
			knownRegions = (
				en,
				Base,
			);
			mainGroup = 172AAC582214325F006E43F9;
			productRefGroup = 172AAC622214325F006E43F9 /* Products */;
			projectDirPath = "";
			projectRoot = "";
			targets = (
				172AAC602214325F006E43F9 /* NYTimesSwift */,
			);
		};
/* End PBXProject section */

/* Begin PBXResourcesBuildPhase section */
		172AAC5F2214325F006E43F9 /* Resources */ = {
			isa = PBXResourcesBuildPhase;
			buildActionMask = 2147483647;
			files = (
				172AAC6F22143262006E43F9 /* LaunchScreen.storyboard in Resources */,
				172AAC6C22143262006E43F9 /* Assets.xcassets in Resources */,
				172AAC79221438C6006E43F9 /* NyTimesTableCell.xib in Resources */,
				172AAC6A2214325F006E43F9 /* Main.storyboard in Resources */,
			);
			runOnlyForDeploymentPostprocessing = 0;
		};
/* End PBXResourcesBuildPhase section */

/* Begin PBXSourcesBuildPhase section */
		172AAC5D2214325F006E43F9 /* Sources */ = {
			isa = PBXSourcesBuildPhase;
			buildActionMask = 2147483647;
			files = (
				172AAC672214325F006E43F9 /* ViewController.swift in Sources */,
				172AAC7B22143AC9006E43F9 /* NyTimesDataModel.swift in Sources */,
				172AAC652214325F006E43F9 /* AppDelegate.swift in Sources */,
				172AAC78221438C6006E43F9 /* NyTimesTableCell.swift in Sources */,
			);
			runOnlyForDeploymentPostprocessing = 0;
		};
/* End PBXSourcesBuildPhase section */

/* Begin PBXVariantGroup section */
		172AAC682214325F006E43F9 /* Main.storyboard */ = {
			isa = PBXVariantGroup;
			children = (
				172AAC692214325F006E43F9 /* Base */,
			);
			name = Main.storyboard;
			sourceTree = "<group>";
		};
		172AAC6D22143262006E43F9 /* LaunchScreen.storyboard */ = {
			isa = PBXVariantGroup;
			children = (
				172AAC6E22143262006E43F9 /* Base */,
			);
			name = LaunchScreen.storyboard;
			sourceTree = "<group>";
		};
/* End PBXVariantGroup section */

/* Begin XCBuildConfiguration section */
		172AAC7122143262006E43F9 /* Debug */ = {
			isa = XCBuildConfiguration;
			buildSettings = {
				ALWAYS_SEARCH_USER_PATHS = NO;
				CLANG_ANALYZER_NONNULL = YES;
				CLANG_ANALYZER_NUMBER_OBJECT_CONVERSION = YES_AGGRESSIVE;
				CLANG_CXX_LANGUAGE_STANDARD = "gnu++14";
				CLANG_CXX_LIBRARY = "libc++";
				CLANG_ENABLE_MODULES = YES;
				CLANG_ENABLE_OBJC_ARC = YES;
				CLANG_ENABLE_OBJC_WEAK = YES;
				CLANG_WARN_BLOCK_CAPTURE_AUTORELEASING = YES;
				CLANG_WARN_BOOL_CONVERSION = YES;
				CLANG_WARN_COMMA = YES;
				CLANG_WARN_CONSTANT_CONVERSION = YES;
				CLANG_WARN_DEPRECATED_OBJC_IMPLEMENTATIONS = YES;
				CLANG_WARN_DIRECT_OBJC_ISA_USAGE = YES_ERROR;
				CLANG_WARN_DOCUMENTATION_COMMENTS = YES;
				CLANG_WARN_EMPTY_BODY = YES;
				CLANG_WARN_ENUM_CONVERSION = YES;
				CLANG_WARN_INFINITE_RECURSION = YES;
				CLANG_WARN_INT_CONVERSION = YES;
				CLANG_WARN_NON_LITERAL_NULL_CONVERSION = YES;
				CLANG_WARN_OBJC_IMPLICIT_RETAIN_SELF = YES;
				CLANG_WARN_OBJC_LITERAL_CONVERSION = YES;
				CLANG_WARN_OBJC_ROOT_CLASS = YES_ERROR;
				CLANG_WARN_RANGE_LOOP_ANALYSIS = YES;
				CLANG_WARN_STRICT_PROTOTYPES = YES;
				CLANG_WARN_SUSPICIOUS_MOVE = YES;
				CLANG_WARN_UNGUARDED_AVAILABILITY = YES_AGGRESSIVE;
				CLANG_WARN_UNREACHABLE_CODE = YES;
				CLANG_WARN__DUPLICATE_METHOD_MATCH = YES;
				CODE_SIGN_IDENTITY = "iPhone Developer";
				COPY_PHASE_STRIP = NO;
				DEBUG_INFORMATION_FORMAT = dwarf;
				ENABLE_STRICT_OBJC_MSGSEND = YES;
				ENABLE_TESTABILITY = YES;
				GCC_C_LANGUAGE_STANDARD = gnu11;
				GCC_DYNAMIC_NO_PIC = NO;
				GCC_NO_COMMON_BLOCKS = YES;
				GCC_OPTIMIZATION_LEVEL = 0;
				GCC_PREPROCESSOR_DEFINITIONS = (
					"DEBUG=1",
					"$(inherited)",
				);
				GCC_WARN_64_TO_32_BIT_CONVERSION = YES;
				GCC_WARN_ABOUT_RETURN_TYPE = YES_ERROR;
				GCC_WARN_UNDECLARED_SELECTOR = YES;
				GCC_WARN_UNINITIALIZED_AUTOS = YES_AGGRESSIVE;
				GCC_WARN_UNUSED_FUNCTION = YES;
				GCC_WARN_UNUSED_VARIABLE = YES;
				IPHONEOS_DEPLOYMENT_TARGET = 12.1;
				MTL_ENABLE_DEBUG_INFO = INCLUDE_SOURCE;
				MTL_FAST_MATH = YES;
				ONLY_ACTIVE_ARCH = YES;
				SDKROOT = iphoneos;
				SWIFT_ACTIVE_COMPILATION_CONDITIONS = DEBUG;
				SWIFT_OPTIMIZATION_LEVEL = "-Onone";
			};
			name = Debug;
		};
		172AAC7222143262006E43F9 /* Release */ = {
			isa = XCBuildConfiguration;
			buildSettings = {
				ALWAYS_SEARCH_USER_PATHS = NO;
				CLANG_ANALYZER_NONNULL = YES;
				CLANG_ANALYZER_NUMBER_OBJECT_CONVERSION = YES_AGGRESSIVE;
				CLANG_CXX_LANGUAGE_STANDARD = "gnu++14";
				CLANG_CXX_LIBRARY = "libc++";
				CLANG_ENABLE_MODULES = YES;
				CLANG_ENABLE_OBJC_ARC = YES;
				CLANG_ENABLE_OBJC_WEAK = YES;
				CLANG_WARN_BLOCK_CAPTURE_AUTORELEASING = YES;
				CLANG_WARN_BOOL_CONVERSION = YES;
				CLANG_WARN_COMMA = YES;
				CLANG_WARN_CONSTANT_CONVERSION = YES;
				CLANG_WARN_DEPRECATED_OBJC_IMPLEMENTATIONS = YES;
				CLANG_WARN_DIRECT_OBJC_ISA_USAGE = YES_ERROR;
				CLANG_WARN_DOCUMENTATION_COMMENTS = YES;
				CLANG_WARN_EMPTY_BODY = YES;
				CLANG_WARN_ENUM_CONVERSION = YES;
				CLANG_WARN_INFINITE_RECURSION = YES;
				CLANG_WARN_INT_CONVERSION = YES;
				CLANG_WARN_NON_LITERAL_NULL_CONVERSION = YES;
				CLANG_WARN_OBJC_IMPLICIT_RETAIN_SELF = YES;
				CLANG_WARN_OBJC_LITERAL_CONVERSION = YES;
				CLANG_WARN_OBJC_ROOT_CLASS = YES_ERROR;
				CLANG_WARN_RANGE_LOOP_ANALYSIS = YES;
				CLANG_WARN_STRICT_PROTOTYPES = YES;
				CLANG_WARN_SUSPICIOUS_MOVE = YES;
				CLANG_WARN_UNGUARDED_AVAILABILITY = YES_AGGRESSIVE;
				CLANG_WARN_UNREACHABLE_CODE = YES;
				CLANG_WARN__DUPLICATE_METHOD_MATCH = YES;
				CODE_SIGN_IDENTITY = "iPhone Developer";
				COPY_PHASE_STRIP = NO;
				DEBUG_INFORMATION_FORMAT = "dwarf-with-dsym";
				ENABLE_NS_ASSERTIONS = NO;
				ENABLE_STRICT_OBJC_MSGSEND = YES;
				GCC_C_LANGUAGE_STANDARD = gnu11;
				GCC_NO_COMMON_BLOCKS = YES;
				GCC_WARN_64_TO_32_BIT_CONVERSION = YES;
				GCC_WARN_ABOUT_RETURN_TYPE = YES_ERROR;
				GCC_WARN_UNDECLARED_SELECTOR = YES;
				GCC_WARN_UNINITIALIZED_AUTOS = YES_AGGRESSIVE;
				GCC_WARN_UNUSED_FUNCTION = YES;
				GCC_WARN_UNUSED_VARIABLE = YES;
				IPHONEOS_DEPLOYMENT_TARGET = 12.1;
				MTL_ENABLE_DEBUG_INFO = NO;
				MTL_FAST_MATH = YES;
				SDKROOT = iphoneos;
				SWIFT_COMPILATION_MODE = wholemodule;
				SWIFT_OPTIMIZATION_LEVEL = "-O";
				VALIDATE_PRODUCT = YES;
			};
			name = Release;
		};
		172AAC7422143262006E43F9 /* Debug */ = {
			isa = XCBuildConfiguration;
			buildSettings = {
				ASSETCATALOG_COMPILER_APPICON_NAME = AppIcon;
				CODE_SIGN_STYLE = Automatic;
				DEVELOPMENT_TEAM = 8PVH2NGH42;
				INFOPLIST_FILE = NYTimesSwift/Info.plist;
				LD_RUNPATH_SEARCH_PATHS = (
					"$(inherited)",
					"@executable_path/Frameworks",
				);
				PRODUCT_BUNDLE_IDENTIFIER = DK.NYTimesSwift;
				PRODUCT_NAME = "$(TARGET_NAME)";
				SWIFT_VERSION = 4.2;
				TARGETED_DEVICE_FAMILY = "1,2";
			};
			name = Debug;
		};
		172AAC7522143262006E43F9 /* Release */ = {
			isa = XCBuildConfiguration;
			buildSettings = {
				ASSETCATALOG_COMPILER_APPICON_NAME = AppIcon;
				CODE_SIGN_STYLE = Automatic;
				DEVELOPMENT_TEAM = 8PVH2NGH42;
				INFOPLIST_FILE = NYTimesSwift/Info.plist;
				LD_RUNPATH_SEARCH_PATHS = (
					"$(inherited)",
					"@executable_path/Frameworks",
				);
				PRODUCT_BUNDLE_IDENTIFIER = DK.NYTimesSwift;
				PRODUCT_NAME = "$(TARGET_NAME)";
				SWIFT_VERSION = 4.2;
				TARGETED_DEVICE_FAMILY = "1,2";
			};
			name = Release;
		};
/* End XCBuildConfiguration section */

/* Begin XCConfigurationList section */
		172AAC5C2214325F006E43F9 /* Build configuration list for PBXProject "NYTimesSwift" */ = {
			isa = XCConfigurationList;
			buildConfigurations = (
				172AAC7122143262006E43F9 /* Debug */,
				172AAC7222143262006E43F9 /* Release */,
			);
			defaultConfigurationIsVisible = 0;
			defaultConfigurationName = Release;
		};
		172AAC7322143262006E43F9 /* Build configuration list for PBXNativeTarget "NYTimesSwift" */ = {
			isa = XCConfigurationList;
			buildConfigurations = (
				172AAC7422143262006E43F9 /* Debug */,
				172AAC7522143262006E43F9 /* Release */,
			);
			defaultConfigurationIsVisible = 0;
			defaultConfigurationName = Release;
		};
/* End XCConfigurationList section */
	};
	rootObject = 172AAC592214325F006E43F9 /* Project object */;
}
